
Microsoft Visual Studio Solution File, Format Version 12.00
# Visual Studio Version 17
VisualStudioVersion = 17.0.31903.59
MinimumVisualStudioVersion = 10.0.40219.1
Project("{2150E333-8FDC-42A3-9474-1A3956D46DE8}") = "src", "src", "{27AF89FB-F44F-4D7A-B922-9FB927C1A038}"
EndProject
Project("{FAE04EC0-301F-11D3-BF4B-00C04F79EFBC}") = "ClassIng.Shared", "src\ClassIng.Shared\ClassIng.Shared.csproj", "{ADBACD3A-EA75-4D94-BDDC-9D63188CC0FD}"
EndProject
Project("{FAE04EC0-301F-11D3-BF4B-00C04F79EFBC}") = "ClassIng.Plugin", "src\ClassIng.Plugin\ClassIng.Plugin.csproj", "{E266171C-36EA-421C-AFFA-7821F4893BD4}"
EndProject
Project("{2150E333-8FDC-42A3-9474-1A3956D46DE8}") = "tests", "tests", "{6F19CAC9-6D3F-4DB7-9899-B273667ECA73}"
EndProject
Project("{FAE04EC0-301F-11D3-BF4B-00C04F79EFBC}") = "ClassIng.Tests", "tests\ClassIng.Tests\ClassIng.Tests.csproj", "{1365E299-6983-4C16-A99A-39C74982C052}"
EndProject
Project("{2150E333-8FDC-42A3-9474-1A3956D46DE8}") = "tools", "tools", "{E65DED2E-0965-4151-821A-97EC759A77E3}"
EndProject
Project("{FAE04EC0-301F-11D3-BF4B-00C04F79EFBC}") = "ClassIng.IngestConsole", "tools\ClassIng.IngestConsole\ClassIng.IngestConsole.csproj", "{26B5F39D-0A97-4C5C-A348-C305B718DFF7}"
EndProject
Global
	GlobalSection(SolutionConfigurationPlatforms) = preSolution
		Debug|Any CPU = Debug|Any CPU
		Release|Any CPU = Release|Any CPU
	EndGlobalSection
	GlobalSection(SolutionProperties) = preSolution
		HideSolutionNode = FALSE
	EndGlobalSection
	GlobalSection(ProjectConfigurationPlatforms) = postSolution
		{ADBACD3A-EA75-4D94-BDDC-9D63188CC0FD}.Debug|Any CPU.ActiveCfg = Debug|Any CPU
		{ADBACD3A-EA75-4D94-BDDC-9D63188CC0FD}.Debug|Any CPU.Build.0 = Debug|Any CPU
		{ADBACD3A-EA75-4D94-BDDC-9D63188CC0FD}.Release|Any CPU.ActiveCfg = Release|Any CPU
		{ADBACD3A-EA75-4D94-BDDC-9D63188CC0FD}.Release|Any CPU.Build.0 = Release|Any CPU
		{E266171C-36EA-421C-AFFA-7821F4893BD4}.Debug|Any CPU.ActiveCfg = Debug|Any CPU
		{E266171C-36EA-421C-AFFA-7821F4893BD4}.Debug|Any CPU.Build.0 = Debug|Any CPU
		{E266171C-36EA-421C-AFFA-7821F4893BD4}.Release|Any CPU.ActiveCfg = Release|Any CPU
		{E266171C-36EA-421C-AFFA-7821F4893BD4}.Release|Any CPU.Build.0 = Release|Any CPU
		{1365E299-6983-4C16-A99A-39C74982C052}.Debug|Any CPU.ActiveCfg = Debug|Any CPU
		{1365E299-6983-4C16-A99A-39C74982C052}.Debug|Any CPU.Build.0 = Debug|Any CPU
		{1365E299-6983-4C16-A99A-39C74982C052}.Release|Any CPU.ActiveCfg = Release|Any CPU
		{1365E299-6983-4C16-A99A-39C74982C052}.Release|Any CPU.Build.0 = Release|Any CPU
		{26B5F39D-0A97-4C5C-A348-C305B718DFF7}.Debug|Any CPU.ActiveCfg = Debug|Any CPU
		{26B5F39D-0A97-4C5C-A348-C305B718DFF7}.Debug|Any CPU.Build.0 = Debug|Any CPU
		{26B5F39D-0A97-4C5C-A348-C305B718DFF7}.Release|Any CPU.ActiveCfg = Release|Any CPU
		{26B5F39D-0A97-4C5C-A348-C305B718DFF7}.Release|Any CPU.Build.0 = Release|Any CPU
	EndGlobalSection
	GlobalSection(NestedProjects) = preSolution
		{ADBACD3A-EA75-4D94-BDDC-9D63188CC0FD} = {27AF89FB-F44F-4D7A-B922-9FB927C1A038}
		{E266171C-36EA-421C-AFFA-7821F4893BD4} = {27AF89FB-F44F-4D7A-B922-9FB927C1A038}
		{1365E299-6983-4C16-A99A-39C74982C052} = {6F19CAC9-6D3F-4DB7-9899-B273667ECA73}
		{26B5F39D-0A97-4C5C-A348-C305B718DFF7} = {E65DED2E-0965-4151-821A-97EC759A77E3}
	EndGlobalSection
EndGlobal
